{
  "originHash" : "52395ae35e1dfec5c7fa436ba4084566e75ccd3911eebc4f818b95310b6e9378",
  "pins" : [
    {
      "identity" : "jsonlddecoder",
      "kind" : "remoteSourceControl",
      "location" : "https://github.com/Ausra/JSONLDDecoder.git",
      "state" : {
        "revision" : "db6735d53c69fd9f040e0861eba314d61f96bf3f",
        "version" : "1.0.4"
      }
    },
    {
      "identity" : "swiftsoup",
      "kind" : "remoteSourceControl",
      "location" : "https://github.com/scinfu/SwiftSoup.git",
      "state" : {
        "revision" : "028487d4a8a291b2fe1b4392b5425b6172056148",
        "version" : "2.7.2"
      }
    }
  ],
  "version" : 3
}
