{
  "originHash" : "f36a4fef3027ca19f018898e5e182b79a38addde41258c1c91639f1632e6a559",
  "pins" : [
    {
      "identity" : "jsonlddecoder",
      "kind" : "remoteSourceControl",
      "location" : "https://github.com/Ausra/JSONLDDecoder.git",
      "state" : {
        "revision" : "19f15da6dd9cb8d10419d906e8ef554933f1dcca",
        "version" : "1.0.6"
      }
    },
    {
      "identity" : "swiftsoup",
      "kind" : "remoteSourceControl",
      "location" : "https://github.com/scinfu/SwiftSoup.git",
      "state" : {
        "revision" : "028487d4a8a291b2fe1b4392b5425b6172056148",
        "version" : "2.7.2"
      }
    }
  ],
  "version" : 3
}
