{
  "originHash" : "68bbd027cc5ca0322e0dbadd78b16434624ca9b3d025130b36541342daceece8",
  "pins" : [
    {
      "identity" : "jsonlddecoder",
      "kind" : "remoteSourceControl",
      "location" : "https://github.com/Ausra/JSONLDDecoder.git",
      "state" : {
        "revision" : "3d668dc3e0a6af0ab2ebea2dc3f42f53e0a964db",
        "version" : "1.0.3"
      }
    },
    {
      "identity" : "swiftsoup",
      "kind" : "remoteSourceControl",
      "location" : "https://github.com/scinfu/SwiftSoup.git",
      "state" : {
        "revision" : "028487d4a8a291b2fe1b4392b5425b6172056148",
        "version" : "2.7.2"
      }
    }
  ],
  "version" : 3
}
